// !$*UTF8*$!
{
	archiveVersion = 1;
	classes = {
	};
	objectVersion = 50;
	objects = {

/* Begin PBXBuildFile section */
		CF37BAEF2561E0C90070F70D /* charging_notifsTests.swift in Sources */ = {isa = PBXBuildFile; fileRef = CF37BAEE2561E0C90070F70D /* charging_notifsTests.swift */; };
		CF515D6824E3CF4600B50406 /* EventMonitor.swift in Sources */ = {isa = PBXBuildFile; fileRef = CF515D6724E3CF4600B50406 /* EventMonitor.swift */; };
		CF5434B424E3351C00C6F1EE /* AppDelegate.swift in Sources */ = {isa = PBXBuildFile; fileRef = CF5434B324E3351C00C6F1EE /* AppDelegate.swift */; };
		CF5434B824E3351E00C6F1EE /* Assets.xcassets in Resources */ = {isa = PBXBuildFile; fileRef = CF5434B724E3351E00C6F1EE /* Assets.xcassets */; };
		CF5434BB24E3351E00C6F1EE /* Main.storyboard in Resources */ = {isa = PBXBuildFile; fileRef = CF5434B924E3351E00C6F1EE /* Main.storyboard */; };
		CF5434C824E33B1400C6F1EE /* InternalBattery.swift in Sources */ = {isa = PBXBuildFile; fileRef = CF5434C724E33B1400C6F1EE /* InternalBattery.swift */; };
		CF5434CA24E33B6900C6F1EE /* InternalFinder.swift in Sources */ = {isa = PBXBuildFile; fileRef = CF5434C924E33B6900C6F1EE /* InternalFinder.swift */; };
/* End PBXBuildFile section */

/* Begin PBXContainerItemProxy section */
		CF37BAF12561E0C90070F70D /* PBXContainerItemProxy */ = {
			isa = PBXContainerItemProxy;
			containerPortal = CF5434A824E3351C00C6F1EE /* Project object */;
			proxyType = 1;
			remoteGlobalIDString = CF5434AF24E3351C00C6F1EE;
			remoteInfo = "charging-notifs";
		};
/* End PBXContainerItemProxy section */

/* Begin PBXFileReference section */
		CF37BAEC2561E0C90070F70D /* charging-notifsTests.xctest */ = {isa = PBXFileReference; explicitFileType = wrapper.cfbundle; includeInIndex = 0; path = "charging-notifsTests.xctest"; sourceTree = BUILT_PRODUCTS_DIR; };
		CF37BAEE2561E0C90070F70D /* charging_notifsTests.swift */ = {isa = PBXFileReference; lastKnownFileType = sourcecode.swift; path = charging_notifsTests.swift; sourceTree = "<group>"; };
		CF37BAF02561E0C90070F70D /* Info.plist */ = {isa = PBXFileReference; lastKnownFileType = text.plist.xml; path = Info.plist; sourceTree = "<group>"; };
		CF515D6724E3CF4600B50406 /* EventMonitor.swift */ = {isa = PBXFileReference; lastKnownFileType = sourcecode.swift; path = EventMonitor.swift; sourceTree = "<group>"; };
		CF5434B024E3351C00C6F1EE /* charging-notifs.app */ = {isa = PBXFileReference; explicitFileType = wrapper.application; includeInIndex = 0; path = "charging-notifs.app"; sourceTree = BUILT_PRODUCTS_DIR; };
		CF5434B324E3351C00C6F1EE /* AppDelegate.swift */ = {isa = PBXFileReference; lastKnownFileType = sourcecode.swift; path = AppDelegate.swift; sourceTree = "<group>"; };
		CF5434B724E3351E00C6F1EE /* Assets.xcassets */ = {isa = PBXFileReference; lastKnownFileType = folder.assetcatalog; path = Assets.xcassets; sourceTree = "<group>"; };
		CF5434BA24E3351E00C6F1EE /* Base */ = {isa = PBXFileReference; lastKnownFileType = file.storyboard; name = Base; path = Base.lproj/Main.storyboard; sourceTree = "<group>"; };
		CF5434BC24E3351E00C6F1EE /* Info.plist */ = {isa = PBXFileReference; lastKnownFileType = text.plist.xml; path = Info.plist; sourceTree = "<group>"; };
		CF5434BD24E3351E00C6F1EE /* charging_notifs.entitlements */ = {isa = PBXFileReference; lastKnownFileType = text.plist.entitlements; path = charging_notifs.entitlements; sourceTree = "<group>"; };
		CF5434C724E33B1400C6F1EE /* InternalBattery.swift */ = {isa = PBXFileReference; lastKnownFileType = sourcecode.swift; name = InternalBattery.swift; path = ../InternalBattery.swift; sourceTree = "<group>"; };
		CF5434C924E33B6900C6F1EE /* InternalFinder.swift */ = {isa = PBXFileReference; lastKnownFileType = sourcecode.swift; path = InternalFinder.swift; sourceTree = "<group>"; };
/* End PBXFileReference section */

/* Begin PBXFrameworksBuildPhase section */
		CF37BAE92561E0C90070F70D /* Frameworks */ = {
			isa = PBXFrameworksBuildPhase;
			buildActionMask = 2147483647;
			files = (
			);
			runOnlyForDeploymentPostprocessing = 0;
		};
		CF5434AD24E3351C00C6F1EE /* Frameworks */ = {
			isa = PBXFrameworksBuildPhase;
			buildActionMask = 2147483647;
			files = (
			);
			runOnlyForDeploymentPostprocessing = 0;
		};
/* End PBXFrameworksBuildPhase section */

/* Begin PBXGroup section */
		CF37BAED2561E0C90070F70D /* charging-notifsTests */ = {
			isa = PBXGroup;
			children = (
				CF37BAEE2561E0C90070F70D /* charging_notifsTests.swift */,
				CF37BAF02561E0C90070F70D /* Info.plist */,
			);
			path = "charging-notifsTests";
			sourceTree = "<group>";
		};
		CF5434A724E3351C00C6F1EE = {
			isa = PBXGroup;
			children = (
				CF5434B224E3351C00C6F1EE /* charging-notifs */,
				CF37BAED2561E0C90070F70D /* charging-notifsTests */,
				CF5434B124E3351C00C6F1EE /* Products */,
			);
			sourceTree = "<group>";
		};
		CF5434B124E3351C00C6F1EE /* Products */ = {
			isa = PBXGroup;
			children = (
				CF5434B024E3351C00C6F1EE /* charging-notifs.app */,
				CF37BAEC2561E0C90070F70D /* charging-notifsTests.xctest */,
			);
			name = Products;
			sourceTree = "<group>";
		};
		CF5434B224E3351C00C6F1EE /* charging-notifs */ = {
			isa = PBXGroup;
			children = (
				CF5434C924E33B6900C6F1EE /* InternalFinder.swift */,
				CF5434C724E33B1400C6F1EE /* InternalBattery.swift */,
				CF5434B324E3351C00C6F1EE /* AppDelegate.swift */,
				CF515D6724E3CF4600B50406 /* EventMonitor.swift */,
				CF5434B724E3351E00C6F1EE /* Assets.xcassets */,
				CF5434B924E3351E00C6F1EE /* Main.storyboard */,
				CF5434BC24E3351E00C6F1EE /* Info.plist */,
				CF5434BD24E3351E00C6F1EE /* charging_notifs.entitlements */,
			);
			path = "charging-notifs";
			sourceTree = "<group>";
		};
/* End PBXGroup section */

/* Begin PBXNativeTarget section */
		CF37BAEB2561E0C90070F70D /* charging-notifsTests */ = {
			isa = PBXNativeTarget;
			buildConfigurationList = CF37BAF52561E0C90070F70D /* Build configuration list for PBXNativeTarget "charging-notifsTests" */;
			buildPhases = (
				CF37BAE82561E0C90070F70D /* Sources */,
				CF37BAE92561E0C90070F70D /* Frameworks */,
				CF37BAEA2561E0C90070F70D /* Resources */,
			);
			buildRules = (
			);
			dependencies = (
				CF37BAF22561E0C90070F70D /* PBXTargetDependency */,
			);
			name = "charging-notifsTests";
			productName = "charging-notifsTests";
			productReference = CF37BAEC2561E0C90070F70D /* charging-notifsTests.xctest */;
			productType = "com.apple.product-type.bundle.unit-test";
		};
		CF5434AF24E3351C00C6F1EE /* charging-notifs */ = {
			isa = PBXNativeTarget;
			buildConfigurationList = CF5434C024E3351E00C6F1EE /* Build configuration list for PBXNativeTarget "charging-notifs" */;
			buildPhases = (
				CF5434AC24E3351C00C6F1EE /* Sources */,
				CF5434AD24E3351C00C6F1EE /* Frameworks */,
				CF5434AE24E3351C00C6F1EE /* Resources */,
			);
			buildRules = (
			);
			dependencies = (
			);
			name = "charging-notifs";
			productName = "charging-notifs";
			productReference = CF5434B024E3351C00C6F1EE /* charging-notifs.app */;
			productType = "com.apple.product-type.application";
		};
/* End PBXNativeTarget section */

/* Begin PBXProject section */
		CF5434A824E3351C00C6F1EE /* Project object */ = {
			isa = PBXProject;
			attributes = {
				LastSwiftUpdateCheck = 1170;
				LastUpgradeCheck = 1170;
				ORGANIZATIONNAME = "Carol Zhang";
				TargetAttributes = {
					CF37BAEB2561E0C90070F70D = {
						CreatedOnToolsVersion = 11.7;
						TestTargetID = CF5434AF24E3351C00C6F1EE;
					};
					CF5434AF24E3351C00C6F1EE = {
						CreatedOnToolsVersion = 10.3;
					};
				};
			};
			buildConfigurationList = CF5434AB24E3351C00C6F1EE /* Build configuration list for PBXProject "charging-notifs" */;
			compatibilityVersion = "Xcode 9.3";
			developmentRegion = en;
			hasScannedForEncodings = 0;
			knownRegions = (
				en,
				Base,
			);
			mainGroup = CF5434A724E3351C00C6F1EE;
			productRefGroup = CF5434B124E3351C00C6F1EE /* Products */;
			projectDirPath = "";
			projectRoot = "";
			targets = (
				CF5434AF24E3351C00C6F1EE /* charging-notifs */,
				CF37BAEB2561E0C90070F70D /* charging-notifsTests */,
			);
		};
/* End PBXProject section */

/* Begin PBXResourcesBuildPhase section */
		CF37BAEA2561E0C90070F70D /* Resources */ = {
			isa = PBXResourcesBuildPhase;
			buildActionMask = 2147483647;
			files = (
			);
			runOnlyForDeploymentPostprocessing = 0;
		};
		CF5434AE24E3351C00C6F1EE /* Resources */ = {
			isa = PBXResourcesBuildPhase;
			buildActionMask = 2147483647;
			files = (
				CF5434B824E3351E00C6F1EE /* Assets.xcassets in Resources */,
				CF5434BB24E3351E00C6F1EE /* Main.storyboard in Resources */,
			);
			runOnlyForDeploymentPostprocessing = 0;
		};
/* End PBXResourcesBuildPhase section */

/* Begin PBXSourcesBuildPhase section */
		CF37BAE82561E0C90070F70D /* Sources */ = {
			isa = PBXSourcesBuildPhase;
			buildActionMask = 2147483647;
			files = (
				CF37BAEF2561E0C90070F70D /* charging_notifsTests.swift in Sources */,
			);
			runOnlyForDeploymentPostprocessing = 0;
		};
		CF5434AC24E3351C00C6F1EE /* Sources */ = {
			isa = PBXSourcesBuildPhase;
			buildActionMask = 2147483647;
			files = (
				CF5434CA24E33B6900C6F1EE /* InternalFinder.swift in Sources */,
				CF515D6824E3CF4600B50406 /* EventMonitor.swift in Sources */,
				CF5434B424E3351C00C6F1EE /* AppDelegate.swift in Sources */,
				CF5434C824E33B1400C6F1EE /* InternalBattery.swift in Sources */,
			);
			runOnlyForDeploymentPostprocessing = 0;
		};
/* End PBXSourcesBuildPhase section */

/* Begin PBXTargetDependency section */
		CF37BAF22561E0C90070F70D /* PBXTargetDependency */ = {
			isa = PBXTargetDependency;
			target = CF5434AF24E3351C00C6F1EE /* charging-notifs */;
			targetProxy = CF37BAF12561E0C90070F70D /* PBXContainerItemProxy */;
		};
/* End PBXTargetDependency section */

/* Begin PBXVariantGroup section */
		CF5434B924E3351E00C6F1EE /* Main.storyboard */ = {
			isa = PBXVariantGroup;
			children = (
				CF5434BA24E3351E00C6F1EE /* Base */,
			);
			name = Main.storyboard;
			sourceTree = "<group>";
		};
/* End PBXVariantGroup section */

/* Begin XCBuildConfiguration section */
		CF37BAF32561E0C90070F70D /* Debug */ = {
			isa = XCBuildConfiguration;
			buildSettings = {
				BUNDLE_LOADER = "$(TEST_HOST)";
				CODE_SIGN_STYLE = Automatic;
				COMBINE_HIDPI_IMAGES = YES;
				INFOPLIST_FILE = "charging-notifsTests/Info.plist";
				LD_RUNPATH_SEARCH_PATHS = (
					"$(inherited)",
					"@executable_path/../Frameworks",
					"@loader_path/../Frameworks",
				);
				MACOSX_DEPLOYMENT_TARGET = 10.15;
				PRODUCT_BUNDLE_IDENTIFIER = "Carol.charging-notifsTests";
				PRODUCT_NAME = "$(TARGET_NAME)";
				SWIFT_VERSION = 5.0;
				TEST_HOST = "$(BUILT_PRODUCTS_DIR)/charging-notifs.app/Contents/MacOS/charging-notifs";
			};
			name = Debug;
		};
		CF37BAF42561E0C90070F70D /* Release */ = {
			isa = XCBuildConfiguration;
			buildSettings = {
				BUNDLE_LOADER = "$(TEST_HOST)";
				CODE_SIGN_STYLE = Automatic;
				COMBINE_HIDPI_IMAGES = YES;
				INFOPLIST_FILE = "charging-notifsTests/Info.plist";
				LD_RUNPATH_SEARCH_PATHS = (
					"$(inherited)",
					"@executable_path/../Frameworks",
					"@loader_path/../Frameworks",
				);
				MACOSX_DEPLOYMENT_TARGET = 10.15;
				PRODUCT_BUNDLE_IDENTIFIER = "Carol.charging-notifsTests";
				PRODUCT_NAME = "$(TARGET_NAME)";
				SWIFT_VERSION = 5.0;
				TEST_HOST = "$(BUILT_PRODUCTS_DIR)/charging-notifs.app/Contents/MacOS/charging-notifs";
			};
			name = Release;
		};
		CF5434BE24E3351E00C6F1EE /* Debug */ = {
			isa = XCBuildConfiguration;
			buildSettings = {
				ALWAYS_SEARCH_USER_PATHS = NO;
				CLANG_ANALYZER_NONNULL = YES;
				CLANG_ANALYZER_NUMBER_OBJECT_CONVERSION = YES_AGGRESSIVE;
				CLANG_CXX_LANGUAGE_STANDARD = "gnu++14";
				CLANG_CXX_LIBRARY = "libc++";
				CLANG_ENABLE_MODULES = YES;
				CLANG_ENABLE_OBJC_ARC = YES;
				CLANG_ENABLE_OBJC_WEAK = YES;
				CLANG_WARN_BLOCK_CAPTURE_AUTORELEASING = YES;
				CLANG_WARN_BOOL_CONVERSION = YES;
				CLANG_WARN_COMMA = YES;
				CLANG_WARN_CONSTANT_CONVERSION = YES;
				CLANG_WARN_DEPRECATED_OBJC_IMPLEMENTATIONS = YES;
				CLANG_WARN_DIRECT_OBJC_ISA_USAGE = YES_ERROR;
				CLANG_WARN_DOCUMENTATION_COMMENTS = YES;
				CLANG_WARN_EMPTY_BODY = YES;
				CLANG_WARN_ENUM_CONVERSION = YES;
				CLANG_WARN_INFINITE_RECURSION = YES;
				CLANG_WARN_INT_CONVERSION = YES;
				CLANG_WARN_NON_LITERAL_NULL_CONVERSION = YES;
				CLANG_WARN_OBJC_IMPLICIT_RETAIN_SELF = YES;
				CLANG_WARN_OBJC_LITERAL_CONVERSION = YES;
				CLANG_WARN_OBJC_ROOT_CLASS = YES_ERROR;
				CLANG_WARN_RANGE_LOOP_ANALYSIS = YES;
				CLANG_WARN_STRICT_PROTOTYPES = YES;
				CLANG_WARN_SUSPICIOUS_MOVE = YES;
				CLANG_WARN_UNGUARDED_AVAILABILITY = YES_AGGRESSIVE;
				CLANG_WARN_UNREACHABLE_CODE = YES;
				CLANG_WARN__DUPLICATE_METHOD_MATCH = YES;
				CODE_SIGN_IDENTITY = "-";
				COPY_PHASE_STRIP = NO;
				DEBUG_INFORMATION_FORMAT = dwarf;
				ENABLE_STRICT_OBJC_MSGSEND = YES;
				ENABLE_TESTABILITY = YES;
				GCC_C_LANGUAGE_STANDARD = gnu11;
				GCC_DYNAMIC_NO_PIC = NO;
				GCC_NO_COMMON_BLOCKS = YES;
				GCC_OPTIMIZATION_LEVEL = 0;
				GCC_PREPROCESSOR_DEFINITIONS = (
					"DEBUG=1",
					"$(inherited)",
				);
				GCC_WARN_64_TO_32_BIT_CONVERSION = YES;
				GCC_WARN_ABOUT_RETURN_TYPE = YES_ERROR;
				GCC_WARN_UNDECLARED_SELECTOR = YES;
				GCC_WARN_UNINITIALIZED_AUTOS = YES_AGGRESSIVE;
				GCC_WARN_UNUSED_FUNCTION = YES;
				GCC_WARN_UNUSED_VARIABLE = YES;
				MACOSX_DEPLOYMENT_TARGET = 10.14;
				MTL_ENABLE_DEBUG_INFO = INCLUDE_SOURCE;
				MTL_FAST_MATH = YES;
				ONLY_ACTIVE_ARCH = YES;
				SDKROOT = macosx;
				SWIFT_ACTIVE_COMPILATION_CONDITIONS = DEBUG;
				SWIFT_OPTIMIZATION_LEVEL = "-Onone";
			};
			name = Debug;
		};
		CF5434BF24E3351E00C6F1EE /* Release */ = {
			isa = XCBuildConfiguration;
			buildSettings = {
				ALWAYS_SEARCH_USER_PATHS = NO;
				CLANG_ANALYZER_NONNULL = YES;
				CLANG_ANALYZER_NUMBER_OBJECT_CONVERSION = YES_AGGRESSIVE;
				CLANG_CXX_LANGUAGE_STANDARD = "gnu++14";
				CLANG_CXX_LIBRARY = "libc++";
				CLANG_ENABLE_MODULES = YES;
				CLANG_ENABLE_OBJC_ARC = YES;
				CLANG_ENABLE_OBJC_WEAK = YES;
				CLANG_WARN_BLOCK_CAPTURE_AUTORELEASING = YES;
				CLANG_WARN_BOOL_CONVERSION = YES;
				CLANG_WARN_COMMA = YES;
				CLANG_WARN_CONSTANT_CONVERSION = YES;
				CLANG_WARN_DEPRECATED_OBJC_IMPLEMENTATIONS = YES;
				CLANG_WARN_DIRECT_OBJC_ISA_USAGE = YES_ERROR;
				CLANG_WARN_DOCUMENTATION_COMMENTS = YES;
				CLANG_WARN_EMPTY_BODY = YES;
				CLANG_WARN_ENUM_CONVERSION = YES;
				CLANG_WARN_INFINITE_RECURSION = YES;
				CLANG_WARN_INT_CONVERSION = YES;
				CLANG_WARN_NON_LITERAL_NULL_CONVERSION = YES;
				CLANG_WARN_OBJC_IMPLICIT_RETAIN_SELF = YES;
				CLANG_WARN_OBJC_LITERAL_CONVERSION = YES;
				CLANG_WARN_OBJC_ROOT_CLASS = YES_ERROR;
				CLANG_WARN_RANGE_LOOP_ANALYSIS = YES;
				CLANG_WARN_STRICT_PROTOTYPES = YES;
				CLANG_WARN_SUSPICIOUS_MOVE = YES;
				CLANG_WARN_UNGUARDED_AVAILABILITY = YES_AGGRESSIVE;
				CLANG_WARN_UNREACHABLE_CODE = YES;
				CLANG_WARN__DUPLICATE_METHOD_MATCH = YES;
				CODE_SIGN_IDENTITY = "-";
				COPY_PHASE_STRIP = NO;
				DEBUG_INFORMATION_FORMAT = "dwarf-with-dsym";
				ENABLE_NS_ASSERTIONS = NO;
				ENABLE_STRICT_OBJC_MSGSEND = YES;
				GCC_C_LANGUAGE_STANDARD = gnu11;
				GCC_NO_COMMON_BLOCKS = YES;
				GCC_WARN_64_TO_32_BIT_CONVERSION = YES;
				GCC_WARN_ABOUT_RETURN_TYPE = YES_ERROR;
				GCC_WARN_UNDECLARED_SELECTOR = YES;
				GCC_WARN_UNINITIALIZED_AUTOS = YES_AGGRESSIVE;
				GCC_WARN_UNUSED_FUNCTION = YES;
				GCC_WARN_UNUSED_VARIABLE = YES;
				MACOSX_DEPLOYMENT_TARGET = 10.14;
				MTL_ENABLE_DEBUG_INFO = NO;
				MTL_FAST_MATH = YES;
				SDKROOT = macosx;
				SWIFT_COMPILATION_MODE = wholemodule;
				SWIFT_OPTIMIZATION_LEVEL = "-O";
			};
			name = Release;
		};
		CF5434C124E3351E00C6F1EE /* Debug */ = {
			isa = XCBuildConfiguration;
			buildSettings = {
				ASSETCATALOG_COMPILER_APPICON_NAME = AppIcon;
				CODE_SIGN_ENTITLEMENTS = "charging-notifs/charging_notifs.entitlements";
				CODE_SIGN_IDENTITY = "Mac Developer";
				CODE_SIGN_STYLE = Automatic;
				COMBINE_HIDPI_IMAGES = YES;
				DEVELOPMENT_TEAM = G64GS9BZ5D;
				INFOPLIST_FILE = "charging-notifs/Info.plist";
				LD_RUNPATH_SEARCH_PATHS = (
					"$(inherited)",
					"@executable_path/../Frameworks",
				);
				PRODUCT_BUNDLE_IDENTIFIER = "Carol.charging-notifs";
				PRODUCT_NAME = "$(TARGET_NAME)";
				PROVISIONING_PROFILE_SPECIFIER = "";
				SWIFT_VERSION = 4.0;
			};
			name = Debug;
		};
		CF5434C224E3351E00C6F1EE /* Release */ = {
			isa = XCBuildConfiguration;
			buildSettings = {
				ASSETCATALOG_COMPILER_APPICON_NAME = AppIcon;
				CODE_SIGN_ENTITLEMENTS = "charging-notifs/charging_notifs.entitlements";
				CODE_SIGN_IDENTITY = "Mac Developer";
				CODE_SIGN_STYLE = Automatic;
				COMBINE_HIDPI_IMAGES = YES;
				DEVELOPMENT_TEAM = G64GS9BZ5D;
				INFOPLIST_FILE = "charging-notifs/Info.plist";
				LD_RUNPATH_SEARCH_PATHS = (
					"$(inherited)",
					"@executable_path/../Frameworks",
				);
				PRODUCT_BUNDLE_IDENTIFIER = "Carol.charging-notifs";
				PRODUCT_NAME = "$(TARGET_NAME)";
				PROVISIONING_PROFILE_SPECIFIER = "";
				SWIFT_VERSION = 4.0;
			};
			name = Release;
		};
/* End XCBuildConfiguration section */

/* Begin XCConfigurationList section */
		CF37BAF52561E0C90070F70D /* Build configuration list for PBXNativeTarget "charging-notifsTests" */ = {
			isa = XCConfigurationList;
			buildConfigurations = (
				CF37BAF32561E0C90070F70D /* Debug */,
				CF37BAF42561E0C90070F70D /* Release */,
			);
			defaultConfigurationIsVisible = 0;
			defaultConfigurationName = Release;
		};
		CF5434AB24E3351C00C6F1EE /* Build configuration list for PBXProject "charging-notifs" */ = {
			isa = XCConfigurationList;
			buildConfigurations = (
				CF5434BE24E3351E00C6F1EE /* Debug */,
				CF5434BF24E3351E00C6F1EE /* Release */,
			);
			defaultConfigurationIsVisible = 0;
			defaultConfigurationName = Release;
		};
		CF5434C024E3351E00C6F1EE /* Build configuration list for PBXNativeTarget "charging-notifs" */ = {
			isa = XCConfigurationList;
			buildConfigurations = (
				CF5434C124E3351E00C6F1EE /* Debug */,
				CF5434C224E3351E00C6F1EE /* Release */,
			);
			defaultConfigurationIsVisible = 0;
			defaultConfigurationName = Release;
		};
/* End XCConfigurationList section */
	};
	rootObject = CF5434A824E3351C00C6F1EE /* Project object */;
}
